// !$*UTF8*$!
{
	archiveVersion = 1;
	classes = {
	};
	objectVersion = 55;
	objects = {

/* Begin PBXBuildFile section */
		E1D53AFD283685B20089FD3C /* HabitTracker.xcdatamodeld in Sources */ = {isa = PBXBuildFile; fileRef = E1D53AEA283685AF0089FD3C /* HabitTracker.xcdatamodeld */; };
		E1D53AFE283685B20089FD3C /* HabitTracker.xcdatamodeld in Sources */ = {isa = PBXBuildFile; fileRef = E1D53AEA283685AF0089FD3C /* HabitTracker.xcdatamodeld */; };
		E1D53AFF283685B20089FD3C /* HabitTrackerApp.swift in Sources */ = {isa = PBXBuildFile; fileRef = E1D53AEC283685AF0089FD3C /* HabitTrackerApp.swift */; };
		E1D53B00283685B20089FD3C /* HabitTrackerApp.swift in Sources */ = {isa = PBXBuildFile; fileRef = E1D53AEC283685AF0089FD3C /* HabitTrackerApp.swift */; };
		E1D53B01283685B20089FD3C /* ContentView.swift in Sources */ = {isa = PBXBuildFile; fileRef = E1D53AED283685AF0089FD3C /* ContentView.swift */; };
		E1D53B02283685B20089FD3C /* ContentView.swift in Sources */ = {isa = PBXBuildFile; fileRef = E1D53AED283685AF0089FD3C /* ContentView.swift */; };
		E1D53B03283685B20089FD3C /* Persistence.swift in Sources */ = {isa = PBXBuildFile; fileRef = E1D53AEE283685AF0089FD3C /* Persistence.swift */; };
		E1D53B04283685B20089FD3C /* Persistence.swift in Sources */ = {isa = PBXBuildFile; fileRef = E1D53AEE283685AF0089FD3C /* Persistence.swift */; };
		E1D53B05283685B20089FD3C /* Assets.xcassets in Resources */ = {isa = PBXBuildFile; fileRef = E1D53AEF283685B20089FD3C /* Assets.xcassets */; };
		E1D53B06283685B20089FD3C /* Assets.xcassets in Resources */ = {isa = PBXBuildFile; fileRef = E1D53AEF283685B20089FD3C /* Assets.xcassets */; };
		E1D53B142836890E0089FD3C /* HabitsView.swift in Sources */ = {isa = PBXBuildFile; fileRef = E1D53B132836890E0089FD3C /* HabitsView.swift */; };
		E1D53B17283689D90089FD3C /* View+Extensions.swift in Sources */ = {isa = PBXBuildFile; fileRef = E1D53B16283689D90089FD3C /* View+Extensions.swift */; };
		E1D53B18283689D90089FD3C /* View+Extensions.swift in Sources */ = {isa = PBXBuildFile; fileRef = E1D53B16283689D90089FD3C /* View+Extensions.swift */; };
		E1D53B19283689FA0089FD3C /* HabitsView.swift in Sources */ = {isa = PBXBuildFile; fileRef = E1D53B132836890E0089FD3C /* HabitsView.swift */; };
		E1D53B1C28368DE50089FD3C /* DynamicFilteredView.swift in Sources */ = {isa = PBXBuildFile; fileRef = E1D53B1B28368DE50089FD3C /* DynamicFilteredView.swift */; };
		E1D53B1D28368DE50089FD3C /* DynamicFilteredView.swift in Sources */ = {isa = PBXBuildFile; fileRef = E1D53B1B28368DE50089FD3C /* DynamicFilteredView.swift */; };
		E1D53B21283692740089FD3C /* HabitsViewModel.swift in Sources */ = {isa = PBXBuildFile; fileRef = E1D53B20283692740089FD3C /* HabitsViewModel.swift */; };
		E1D53B22283692740089FD3C /* HabitsViewModel.swift in Sources */ = {isa = PBXBuildFile; fileRef = E1D53B20283692740089FD3C /* HabitsViewModel.swift */; };
		E1D53B262836C0CE0089FD3C /* AddHabitView.swift in Sources */ = {isa = PBXBuildFile; fileRef = E1D53B252836C0CE0089FD3C /* AddHabitView.swift */; };
		E1D53B272836C0CE0089FD3C /* AddHabitView.swift in Sources */ = {isa = PBXBuildFile; fileRef = E1D53B252836C0CE0089FD3C /* AddHabitView.swift */; };
		E1D53B2A2836C0E10089FD3C /* AddHabitViewModel.swift in Sources */ = {isa = PBXBuildFile; fileRef = E1D53B292836C0E10089FD3C /* AddHabitViewModel.swift */; };
		E1D53B2B2836C0E10089FD3C /* AddHabitViewModel.swift in Sources */ = {isa = PBXBuildFile; fileRef = E1D53B292836C0E10089FD3C /* AddHabitViewModel.swift */; };
		E1D53B2E2836E0D90089FD3C /* CoreDataHabitManager.swift in Sources */ = {isa = PBXBuildFile; fileRef = E1D53B2D2836E0D90089FD3C /* CoreDataHabitManager.swift */; };
		E1D53B2F2836E0D90089FD3C /* CoreDataHabitManager.swift in Sources */ = {isa = PBXBuildFile; fileRef = E1D53B2D2836E0D90089FD3C /* CoreDataHabitManager.swift */; };
/* End PBXBuildFile section */

/* Begin PBXFileReference section */
		E1D53AEB283685AF0089FD3C /* Shared.xcdatamodel */ = {isa = PBXFileReference; lastKnownFileType = wrapper.xcdatamodel; path = Shared.xcdatamodel; sourceTree = "<group>"; };
		E1D53AEC283685AF0089FD3C /* HabitTrackerApp.swift */ = {isa = PBXFileReference; lastKnownFileType = sourcecode.swift; path = HabitTrackerApp.swift; sourceTree = "<group>"; };
		E1D53AED283685AF0089FD3C /* ContentView.swift */ = {isa = PBXFileReference; lastKnownFileType = sourcecode.swift; path = ContentView.swift; sourceTree = "<group>"; };
		E1D53AEE283685AF0089FD3C /* Persistence.swift */ = {isa = PBXFileReference; lastKnownFileType = sourcecode.swift; path = Persistence.swift; sourceTree = "<group>"; };
		E1D53AEF283685B20089FD3C /* Assets.xcassets */ = {isa = PBXFileReference; lastKnownFileType = folder.assetcatalog; path = Assets.xcassets; sourceTree = "<group>"; };
		E1D53AF4283685B20089FD3C /* HabitTracker.app */ = {isa = PBXFileReference; explicitFileType = wrapper.application; includeInIndex = 0; path = HabitTracker.app; sourceTree = BUILT_PRODUCTS_DIR; };
		E1D53AFA283685B20089FD3C /* HabitTracker.app */ = {isa = PBXFileReference; explicitFileType = wrapper.application; includeInIndex = 0; path = HabitTracker.app; sourceTree = BUILT_PRODUCTS_DIR; };
		E1D53AFC283685B20089FD3C /* macOS.entitlements */ = {isa = PBXFileReference; lastKnownFileType = text.plist.entitlements; path = macOS.entitlements; sourceTree = "<group>"; };
		E1D53B132836890E0089FD3C /* HabitsView.swift */ = {isa = PBXFileReference; lastKnownFileType = sourcecode.swift; path = HabitsView.swift; sourceTree = "<group>"; };
		E1D53B16283689D90089FD3C /* View+Extensions.swift */ = {isa = PBXFileReference; fileEncoding = 4; lastKnownFileType = sourcecode.swift; path = "View+Extensions.swift"; sourceTree = "<group>"; };
		E1D53B1B28368DE50089FD3C /* DynamicFilteredView.swift */ = {isa = PBXFileReference; fileEncoding = 4; lastKnownFileType = sourcecode.swift; path = DynamicFilteredView.swift; sourceTree = "<group>"; };
		E1D53B20283692740089FD3C /* HabitsViewModel.swift */ = {isa = PBXFileReference; lastKnownFileType = sourcecode.swift; path = HabitsViewModel.swift; sourceTree = "<group>"; };
		E1D53B252836C0CE0089FD3C /* AddHabitView.swift */ = {isa = PBXFileReference; lastKnownFileType = sourcecode.swift; path = AddHabitView.swift; sourceTree = "<group>"; };
		E1D53B292836C0E10089FD3C /* AddHabitViewModel.swift */ = {isa = PBXFileReference; lastKnownFileType = sourcecode.swift; path = AddHabitViewModel.swift; sourceTree = "<group>"; };
		E1D53B2D2836E0D90089FD3C /* CoreDataHabitManager.swift */ = {isa = PBXFileReference; lastKnownFileType = sourcecode.swift; path = CoreDataHabitManager.swift; sourceTree = "<group>"; };
/* End PBXFileReference section */

/* Begin PBXFrameworksBuildPhase section */
		E1D53AF1283685B20089FD3C /* Frameworks */ = {
			isa = PBXFrameworksBuildPhase;
			buildActionMask = 2147483647;
			files = (
			);
			runOnlyForDeploymentPostprocessing = 0;
		};
		E1D53AF7283685B20089FD3C /* Frameworks */ = {
			isa = PBXFrameworksBuildPhase;
			buildActionMask = 2147483647;
			files = (
			);
			runOnlyForDeploymentPostprocessing = 0;
		};
/* End PBXFrameworksBuildPhase section */

/* Begin PBXGroup section */
		E1D53AE4283685AF0089FD3C = {
			isa = PBXGroup;
			children = (
				E1D53AE9283685AF0089FD3C /* Shared */,
				E1D53AFB283685B20089FD3C /* macOS */,
				E1D53AF5283685B20089FD3C /* Products */,
			);
			sourceTree = "<group>";
		};
		E1D53AE9283685AF0089FD3C /* Shared */ = {
			isa = PBXGroup;
			children = (
				E1D53B15283689C40089FD3C /* Common */,
				E1D53B0F283687ED0089FD3C /* App */,
				E1D53B102836880B0089FD3C /* Modules */,
				E1D53B2C2836E0CD0089FD3C /* CoreData */,
				E1D53AEE283685AF0089FD3C /* Persistence.swift */,
				E1D53AEF283685B20089FD3C /* Assets.xcassets */,
			);
			path = Shared;
			sourceTree = "<group>";
		};
		E1D53AF5283685B20089FD3C /* Products */ = {
			isa = PBXGroup;
			children = (
				E1D53AF4283685B20089FD3C /* HabitTracker.app */,
				E1D53AFA283685B20089FD3C /* HabitTracker.app */,
			);
			name = Products;
			sourceTree = "<group>";
		};
		E1D53AFB283685B20089FD3C /* macOS */ = {
			isa = PBXGroup;
			children = (
				E1D53AFC283685B20089FD3C /* macOS.entitlements */,
			);
			path = macOS;
			sourceTree = "<group>";
		};
		E1D53B0F283687ED0089FD3C /* App */ = {
			isa = PBXGroup;
			children = (
				E1D53AEC283685AF0089FD3C /* HabitTrackerApp.swift */,
				E1D53AED283685AF0089FD3C /* ContentView.swift */,
			);
			path = App;
			sourceTree = "<group>";
		};
		E1D53B102836880B0089FD3C /* Modules */ = {
			isa = PBXGroup;
			children = (
				E1D53B232836C0670089FD3C /* AddHabit */,
				E1D53B11283688F70089FD3C /* Habits */,
			);
			path = Modules;
			sourceTree = "<group>";
		};
		E1D53B11283688F70089FD3C /* Habits */ = {
			isa = PBXGroup;
			children = (
				E1D53B1F283692570089FD3C /* ViewModel */,
				E1D53B12283689000089FD3C /* View */,
			);
			path = Habits;
			sourceTree = "<group>";
		};
		E1D53B12283689000089FD3C /* View */ = {
			isa = PBXGroup;
			children = (
				E1D53B132836890E0089FD3C /* HabitsView.swift */,
			);
			path = View;
			sourceTree = "<group>";
		};
		E1D53B15283689C40089FD3C /* Common */ = {
			isa = PBXGroup;
			children = (
				E1D53B1A28368DE50089FD3C /* View */,
				E1D53B1E2836908A0089FD3C /* Extensions */,
			);
			path = Common;
			sourceTree = "<group>";
		};
		E1D53B1A28368DE50089FD3C /* View */ = {
			isa = PBXGroup;
			children = (
				E1D53B1B28368DE50089FD3C /* DynamicFilteredView.swift */,
			);
			path = View;
			sourceTree = "<group>";
		};
		E1D53B1E2836908A0089FD3C /* Extensions */ = {
			isa = PBXGroup;
			children = (
				E1D53B16283689D90089FD3C /* View+Extensions.swift */,
			);
			path = Extensions;
			sourceTree = "<group>";
		};
		E1D53B1F283692570089FD3C /* ViewModel */ = {
			isa = PBXGroup;
			children = (
				E1D53B20283692740089FD3C /* HabitsViewModel.swift */,
			);
			path = ViewModel;
			sourceTree = "<group>";
		};
		E1D53B232836C0670089FD3C /* AddHabit */ = {
			isa = PBXGroup;
			children = (
				E1D53B282836C0D10089FD3C /* ViewModel */,
				E1D53B242836C0960089FD3C /* View */,
			);
			path = AddHabit;
			sourceTree = "<group>";
		};
		E1D53B242836C0960089FD3C /* View */ = {
			isa = PBXGroup;
			children = (
				E1D53B252836C0CE0089FD3C /* AddHabitView.swift */,
			);
			path = View;
			sourceTree = "<group>";
		};
		E1D53B282836C0D10089FD3C /* ViewModel */ = {
			isa = PBXGroup;
			children = (
				E1D53B292836C0E10089FD3C /* AddHabitViewModel.swift */,
			);
			path = ViewModel;
			sourceTree = "<group>";
		};
		E1D53B2C2836E0CD0089FD3C /* CoreData */ = {
			isa = PBXGroup;
			children = (
				E1D53AEA283685AF0089FD3C /* HabitTracker.xcdatamodeld */,
				E1D53B2D2836E0D90089FD3C /* CoreDataHabitManager.swift */,
			);
			path = CoreData;
			sourceTree = "<group>";
		};
/* End PBXGroup section */

/* Begin PBXNativeTarget section */
		E1D53AF3283685B20089FD3C /* HabitTracker (iOS) */ = {
			isa = PBXNativeTarget;
			buildConfigurationList = E1D53B09283685B20089FD3C /* Build configuration list for PBXNativeTarget "HabitTracker (iOS)" */;
			buildPhases = (
				E1D53AF0283685B20089FD3C /* Sources */,
				E1D53AF1283685B20089FD3C /* Frameworks */,
				E1D53AF2283685B20089FD3C /* Resources */,
			);
			buildRules = (
			);
			dependencies = (
			);
			name = "HabitTracker (iOS)";
			productName = "HabitTracker (iOS)";
			productReference = E1D53AF4283685B20089FD3C /* HabitTracker.app */;
			productType = "com.apple.product-type.application";
		};
		E1D53AF9283685B20089FD3C /* HabitTracker (macOS) */ = {
			isa = PBXNativeTarget;
			buildConfigurationList = E1D53B0C283685B20089FD3C /* Build configuration list for PBXNativeTarget "HabitTracker (macOS)" */;
			buildPhases = (
				E1D53AF6283685B20089FD3C /* Sources */,
				E1D53AF7283685B20089FD3C /* Frameworks */,
				E1D53AF8283685B20089FD3C /* Resources */,
			);
			buildRules = (
			);
			dependencies = (
			);
			name = "HabitTracker (macOS)";
			productName = "HabitTracker (macOS)";
			productReference = E1D53AFA283685B20089FD3C /* HabitTracker.app */;
			productType = "com.apple.product-type.application";
		};
/* End PBXNativeTarget section */

/* Begin PBXProject section */
		E1D53AE5283685AF0089FD3C /* Project object */ = {
			isa = PBXProject;
			attributes = {
				BuildIndependentTargetsInParallel = 1;
				LastSwiftUpdateCheck = 1330;
				LastUpgradeCheck = 1330;
				TargetAttributes = {
					E1D53AF3283685B20089FD3C = {
						CreatedOnToolsVersion = 13.3.1;
					};
					E1D53AF9283685B20089FD3C = {
						CreatedOnToolsVersion = 13.3.1;
					};
				};
			};
			buildConfigurationList = E1D53AE8283685AF0089FD3C /* Build configuration list for PBXProject "HabitTracker" */;
			compatibilityVersion = "Xcode 13.0";
			developmentRegion = en;
			hasScannedForEncodings = 0;
			knownRegions = (
				en,
				Base,
			);
			mainGroup = E1D53AE4283685AF0089FD3C;
			productRefGroup = E1D53AF5283685B20089FD3C /* Products */;
			projectDirPath = "";
			projectRoot = "";
			targets = (
				E1D53AF3283685B20089FD3C /* HabitTracker (iOS) */,
				E1D53AF9283685B20089FD3C /* HabitTracker (macOS) */,
			);
		};
/* End PBXProject section */

/* Begin PBXResourcesBuildPhase section */
		E1D53AF2283685B20089FD3C /* Resources */ = {
			isa = PBXResourcesBuildPhase;
			buildActionMask = 2147483647;
			files = (
				E1D53B05283685B20089FD3C /* Assets.xcassets in Resources */,
			);
			runOnlyForDeploymentPostprocessing = 0;
		};
		E1D53AF8283685B20089FD3C /* Resources */ = {
			isa = PBXResourcesBuildPhase;
			buildActionMask = 2147483647;
			files = (
				E1D53B06283685B20089FD3C /* Assets.xcassets in Resources */,
			);
			runOnlyForDeploymentPostprocessing = 0;
		};
/* End PBXResourcesBuildPhase section */

/* Begin PBXSourcesBuildPhase section */
		E1D53AF0283685B20089FD3C /* Sources */ = {
			isa = PBXSourcesBuildPhase;
			buildActionMask = 2147483647;
			files = (
				E1D53AFD283685B20089FD3C /* HabitTracker.xcdatamodeld in Sources */,
				E1D53B1C28368DE50089FD3C /* DynamicFilteredView.swift in Sources */,
				E1D53B03283685B20089FD3C /* Persistence.swift in Sources */,
				E1D53AFF283685B20089FD3C /* HabitTrackerApp.swift in Sources */,
				E1D53B2E2836E0D90089FD3C /* CoreDataHabitManager.swift in Sources */,
				E1D53B142836890E0089FD3C /* HabitsView.swift in Sources */,
				E1D53B262836C0CE0089FD3C /* AddHabitView.swift in Sources */,
				E1D53B17283689D90089FD3C /* View+Extensions.swift in Sources */,
				E1D53B2A2836C0E10089FD3C /* AddHabitViewModel.swift in Sources */,
				E1D53B01283685B20089FD3C /* ContentView.swift in Sources */,
				E1D53B21283692740089FD3C /* HabitsViewModel.swift in Sources */,
			);
			runOnlyForDeploymentPostprocessing = 0;
		};
		E1D53AF6283685B20089FD3C /* Sources */ = {
			isa = PBXSourcesBuildPhase;
			buildActionMask = 2147483647;
			files = (
				E1D53AFE283685B20089FD3C /* HabitTracker.xcdatamodeld in Sources */,
				E1D53B1D28368DE50089FD3C /* DynamicFilteredView.swift in Sources */,
				E1D53B19283689FA0089FD3C /* HabitsView.swift in Sources */,
				E1D53B04283685B20089FD3C /* Persistence.swift in Sources */,
				E1D53B2F2836E0D90089FD3C /* CoreDataHabitManager.swift in Sources */,
				E1D53B00283685B20089FD3C /* HabitTrackerApp.swift in Sources */,
				E1D53B272836C0CE0089FD3C /* AddHabitView.swift in Sources */,
				E1D53B18283689D90089FD3C /* View+Extensions.swift in Sources */,
				E1D53B2B2836C0E10089FD3C /* AddHabitViewModel.swift in Sources */,
				E1D53B02283685B20089FD3C /* ContentView.swift in Sources */,
				E1D53B22283692740089FD3C /* HabitsViewModel.swift in Sources */,
			);
			runOnlyForDeploymentPostprocessing = 0;
		};
/* End PBXSourcesBuildPhase section */

/* Begin XCBuildConfiguration section */
		E1D53B07283685B20089FD3C /* Debug */ = {
			isa = XCBuildConfiguration;
			buildSettings = {
				ALWAYS_SEARCH_USER_PATHS = NO;
				CLANG_ANALYZER_NONNULL = YES;
				CLANG_ANALYZER_NUMBER_OBJECT_CONVERSION = YES_AGGRESSIVE;
				CLANG_CXX_LANGUAGE_STANDARD = "gnu++17";
				CLANG_ENABLE_MODULES = YES;
				CLANG_ENABLE_OBJC_ARC = YES;
				CLANG_ENABLE_OBJC_WEAK = YES;
				CLANG_WARN_BLOCK_CAPTURE_AUTORELEASING = YES;
				CLANG_WARN_BOOL_CONVERSION = YES;
				CLANG_WARN_COMMA = YES;
				CLANG_WARN_CONSTANT_CONVERSION = YES;
				CLANG_WARN_DEPRECATED_OBJC_IMPLEMENTATIONS = YES;
				CLANG_WARN_DIRECT_OBJC_ISA_USAGE = YES_ERROR;
				CLANG_WARN_DOCUMENTATION_COMMENTS = YES;
				CLANG_WARN_EMPTY_BODY = YES;
				CLANG_WARN_ENUM_CONVERSION = YES;
				CLANG_WARN_INFINITE_RECURSION = YES;
				CLANG_WARN_INT_CONVERSION = YES;
				CLANG_WARN_NON_LITERAL_NULL_CONVERSION = YES;
				CLANG_WARN_OBJC_IMPLICIT_RETAIN_SELF = YES;
				CLANG_WARN_OBJC_LITERAL_CONVERSION = YES;
				CLANG_WARN_OBJC_ROOT_CLASS = YES_ERROR;
				CLANG_WARN_QUOTED_INCLUDE_IN_FRAMEWORK_HEADER = YES;
				CLANG_WARN_RANGE_LOOP_ANALYSIS = YES;
				CLANG_WARN_STRICT_PROTOTYPES = YES;
				CLANG_WARN_SUSPICIOUS_MOVE = YES;
				CLANG_WARN_UNGUARDED_AVAILABILITY = YES_AGGRESSIVE;
				CLANG_WARN_UNREACHABLE_CODE = YES;
				CLANG_WARN__DUPLICATE_METHOD_MATCH = YES;
				COPY_PHASE_STRIP = NO;
				DEBUG_INFORMATION_FORMAT = dwarf;
				ENABLE_STRICT_OBJC_MSGSEND = YES;
				ENABLE_TESTABILITY = YES;
				GCC_C_LANGUAGE_STANDARD = gnu11;
				GCC_DYNAMIC_NO_PIC = NO;
				GCC_NO_COMMON_BLOCKS = YES;
				GCC_OPTIMIZATION_LEVEL = 0;
				GCC_PREPROCESSOR_DEFINITIONS = (
					"DEBUG=1",
					"$(inherited)",
				);
				GCC_WARN_64_TO_32_BIT_CONVERSION = YES;
				GCC_WARN_ABOUT_RETURN_TYPE = YES_ERROR;
				GCC_WARN_UNDECLARED_SELECTOR = YES;
				GCC_WARN_UNINITIALIZED_AUTOS = YES_AGGRESSIVE;
				GCC_WARN_UNUSED_FUNCTION = YES;
				GCC_WARN_UNUSED_VARIABLE = YES;
				MTL_ENABLE_DEBUG_INFO = INCLUDE_SOURCE;
				MTL_FAST_MATH = YES;
				ONLY_ACTIVE_ARCH = YES;
				SWIFT_ACTIVE_COMPILATION_CONDITIONS = DEBUG;
				SWIFT_OPTIMIZATION_LEVEL = "-Onone";
			};
			name = Debug;
		};
		E1D53B08283685B20089FD3C /* Release */ = {
			isa = XCBuildConfiguration;
			buildSettings = {
				ALWAYS_SEARCH_USER_PATHS = NO;
				CLANG_ANALYZER_NONNULL = YES;
				CLANG_ANALYZER_NUMBER_OBJECT_CONVERSION = YES_AGGRESSIVE;
				CLANG_CXX_LANGUAGE_STANDARD = "gnu++17";
				CLANG_ENABLE_MODULES = YES;
				CLANG_ENABLE_OBJC_ARC = YES;
				CLANG_ENABLE_OBJC_WEAK = YES;
				CLANG_WARN_BLOCK_CAPTURE_AUTORELEASING = YES;
				CLANG_WARN_BOOL_CONVERSION = YES;
				CLANG_WARN_COMMA = YES;
				CLANG_WARN_CONSTANT_CONVERSION = YES;
				CLANG_WARN_DEPRECATED_OBJC_IMPLEMENTATIONS = YES;
				CLANG_WARN_DIRECT_OBJC_ISA_USAGE = YES_ERROR;
				CLANG_WARN_DOCUMENTATION_COMMENTS = YES;
				CLANG_WARN_EMPTY_BODY = YES;
				CLANG_WARN_ENUM_CONVERSION = YES;
				CLANG_WARN_INFINITE_RECURSION = YES;
				CLANG_WARN_INT_CONVERSION = YES;
				CLANG_WARN_NON_LITERAL_NULL_CONVERSION = YES;
				CLANG_WARN_OBJC_IMPLICIT_RETAIN_SELF = YES;
				CLANG_WARN_OBJC_LITERAL_CONVERSION = YES;
				CLANG_WARN_OBJC_ROOT_CLASS = YES_ERROR;
				CLANG_WARN_QUOTED_INCLUDE_IN_FRAMEWORK_HEADER = YES;
				CLANG_WARN_RANGE_LOOP_ANALYSIS = YES;
				CLANG_WARN_STRICT_PROTOTYPES = YES;
				CLANG_WARN_SUSPICIOUS_MOVE = YES;
				CLANG_WARN_UNGUARDED_AVAILABILITY = YES_AGGRESSIVE;
				CLANG_WARN_UNREACHABLE_CODE = YES;
				CLANG_WARN__DUPLICATE_METHOD_MATCH = YES;
				COPY_PHASE_STRIP = NO;
				DEBUG_INFORMATION_FORMAT = "dwarf-with-dsym";
				ENABLE_NS_ASSERTIONS = NO;
				ENABLE_STRICT_OBJC_MSGSEND = YES;
				GCC_C_LANGUAGE_STANDARD = gnu11;
				GCC_NO_COMMON_BLOCKS = YES;
				GCC_WARN_64_TO_32_BIT_CONVERSION = YES;
				GCC_WARN_ABOUT_RETURN_TYPE = YES_ERROR;
				GCC_WARN_UNDECLARED_SELECTOR = YES;
				GCC_WARN_UNINITIALIZED_AUTOS = YES_AGGRESSIVE;
				GCC_WARN_UNUSED_FUNCTION = YES;
				GCC_WARN_UNUSED_VARIABLE = YES;
				MTL_ENABLE_DEBUG_INFO = NO;
				MTL_FAST_MATH = YES;
				SWIFT_COMPILATION_MODE = wholemodule;
				SWIFT_OPTIMIZATION_LEVEL = "-O";
			};
			name = Release;
		};
		E1D53B0A283685B20089FD3C /* Debug */ = {
			isa = XCBuildConfiguration;
			buildSettings = {
				ASSETCATALOG_COMPILER_APPICON_NAME = AppIcon;
				ASSETCATALOG_COMPILER_GLOBAL_ACCENT_COLOR_NAME = AccentColor;
				CODE_SIGN_STYLE = Automatic;
				CURRENT_PROJECT_VERSION = 1;
				DEVELOPMENT_TEAM = R38K25C8UB;
				ENABLE_PREVIEWS = YES;
				GENERATE_INFOPLIST_FILE = YES;
				INFOPLIST_KEY_UIApplicationSceneManifest_Generation = YES;
				INFOPLIST_KEY_UIApplicationSupportsIndirectInputEvents = YES;
				INFOPLIST_KEY_UILaunchScreen_Generation = YES;
				INFOPLIST_KEY_UISupportedInterfaceOrientations_iPad = "UIInterfaceOrientationPortrait UIInterfaceOrientationPortraitUpsideDown UIInterfaceOrientationLandscapeLeft UIInterfaceOrientationLandscapeRight";
				INFOPLIST_KEY_UISupportedInterfaceOrientations_iPhone = "UIInterfaceOrientationPortrait UIInterfaceOrientationLandscapeLeft UIInterfaceOrientationLandscapeRight";
				IPHONEOS_DEPLOYMENT_TARGET = 15.4;
				LD_RUNPATH_SEARCH_PATHS = (
					"$(inherited)",
					"@executable_path/Frameworks",
				);
				MARKETING_VERSION = 1.0;
				PRODUCT_BUNDLE_IDENTIFIER = com.ozhayta.HabitTracker;
				PRODUCT_NAME = HabitTracker;
				SDKROOT = iphoneos;
				SWIFT_EMIT_LOC_STRINGS = YES;
				SWIFT_VERSION = 5.0;
				TARGETED_DEVICE_FAMILY = "1,2";
			};
			name = Debug;
		};
		E1D53B0B283685B20089FD3C /* Release */ = {
			isa = XCBuildConfiguration;
			buildSettings = {
				ASSETCATALOG_COMPILER_APPICON_NAME = AppIcon;
				ASSETCATALOG_COMPILER_GLOBAL_ACCENT_COLOR_NAME = AccentColor;
				CODE_SIGN_STYLE = Automatic;
				CURRENT_PROJECT_VERSION = 1;
				DEVELOPMENT_TEAM = R38K25C8UB;
				ENABLE_PREVIEWS = YES;
				GENERATE_INFOPLIST_FILE = YES;
				INFOPLIST_KEY_UIApplicationSceneManifest_Generation = YES;
				INFOPLIST_KEY_UIApplicationSupportsIndirectInputEvents = YES;
				INFOPLIST_KEY_UILaunchScreen_Generation = YES;
				INFOPLIST_KEY_UISupportedInterfaceOrientations_iPad = "UIInterfaceOrientationPortrait UIInterfaceOrientationPortraitUpsideDown UIInterfaceOrientationLandscapeLeft UIInterfaceOrientationLandscapeRight";
				INFOPLIST_KEY_UISupportedInterfaceOrientations_iPhone = "UIInterfaceOrientationPortrait UIInterfaceOrientationLandscapeLeft UIInterfaceOrientationLandscapeRight";
				IPHONEOS_DEPLOYMENT_TARGET = 15.4;
				LD_RUNPATH_SEARCH_PATHS = (
					"$(inherited)",
					"@executable_path/Frameworks",
				);
				MARKETING_VERSION = 1.0;
				PRODUCT_BUNDLE_IDENTIFIER = com.ozhayta.HabitTracker;
				PRODUCT_NAME = HabitTracker;
				SDKROOT = iphoneos;
				SWIFT_EMIT_LOC_STRINGS = YES;
				SWIFT_VERSION = 5.0;
				TARGETED_DEVICE_FAMILY = "1,2";
				VALIDATE_PRODUCT = YES;
			};
			name = Release;
		};
		E1D53B0D283685B20089FD3C /* Debug */ = {
			isa = XCBuildConfiguration;
			buildSettings = {
				ASSETCATALOG_COMPILER_APPICON_NAME = AppIcon;
				ASSETCATALOG_COMPILER_GLOBAL_ACCENT_COLOR_NAME = AccentColor;
				CODE_SIGN_ENTITLEMENTS = macOS/macOS.entitlements;
				CODE_SIGN_STYLE = Automatic;
				COMBINE_HIDPI_IMAGES = YES;
				CURRENT_PROJECT_VERSION = 1;
				DEVELOPMENT_TEAM = R38K25C8UB;
				ENABLE_HARDENED_RUNTIME = YES;
				ENABLE_PREVIEWS = YES;
				GENERATE_INFOPLIST_FILE = YES;
				INFOPLIST_KEY_NSHumanReadableCopyright = "";
				LD_RUNPATH_SEARCH_PATHS = (
					"$(inherited)",
					"@executable_path/../Frameworks",
				);
				MACOSX_DEPLOYMENT_TARGET = 12.0;
				MARKETING_VERSION = 1.0;
				PRODUCT_BUNDLE_IDENTIFIER = com.ozhayta.HabitTracker;
				PRODUCT_NAME = HabitTracker;
				SDKROOT = macosx;
				SWIFT_EMIT_LOC_STRINGS = YES;
				SWIFT_VERSION = 5.0;
			};
			name = Debug;
		};
		E1D53B0E283685B20089FD3C /* Release */ = {
			isa = XCBuildConfiguration;
			buildSettings = {
				ASSETCATALOG_COMPILER_APPICON_NAME = AppIcon;
				ASSETCATALOG_COMPILER_GLOBAL_ACCENT_COLOR_NAME = AccentColor;
				CODE_SIGN_ENTITLEMENTS = macOS/macOS.entitlements;
				CODE_SIGN_STYLE = Automatic;
				COMBINE_HIDPI_IMAGES = YES;
				CURRENT_PROJECT_VERSION = 1;
				DEVELOPMENT_TEAM = R38K25C8UB;
				ENABLE_HARDENED_RUNTIME = YES;
				ENABLE_PREVIEWS = YES;
				GENERATE_INFOPLIST_FILE = YES;
				INFOPLIST_KEY_NSHumanReadableCopyright = "";
				LD_RUNPATH_SEARCH_PATHS = (
					"$(inherited)",
					"@executable_path/../Frameworks",
				);
				MACOSX_DEPLOYMENT_TARGET = 12.0;
				MARKETING_VERSION = 1.0;
				PRODUCT_BUNDLE_IDENTIFIER = com.ozhayta.HabitTracker;
				PRODUCT_NAME = HabitTracker;
				SDKROOT = macosx;
				SWIFT_EMIT_LOC_STRINGS = YES;
				SWIFT_VERSION = 5.0;
			};
			name = Release;
		};
/* End XCBuildConfiguration section */

/* Begin XCConfigurationList section */
		E1D53AE8283685AF0089FD3C /* Build configuration list for PBXProject "HabitTracker" */ = {
			isa = XCConfigurationList;
			buildConfigurations = (
				E1D53B07283685B20089FD3C /* Debug */,
				E1D53B08283685B20089FD3C /* Release */,
			);
			defaultConfigurationIsVisible = 0;
			defaultConfigurationName = Release;
		};
		E1D53B09283685B20089FD3C /* Build configuration list for PBXNativeTarget "HabitTracker (iOS)" */ = {
			isa = XCConfigurationList;
			buildConfigurations = (
				E1D53B0A283685B20089FD3C /* Debug */,
				E1D53B0B283685B20089FD3C /* Release */,
			);
			defaultConfigurationIsVisible = 0;
			defaultConfigurationName = Release;
		};
		E1D53B0C283685B20089FD3C /* Build configuration list for PBXNativeTarget "HabitTracker (macOS)" */ = {
			isa = XCConfigurationList;
			buildConfigurations = (
				E1D53B0D283685B20089FD3C /* Debug */,
				E1D53B0E283685B20089FD3C /* Release */,
			);
			defaultConfigurationIsVisible = 0;
			defaultConfigurationName = Release;
		};
/* End XCConfigurationList section */

/* Begin XCVersionGroup section */
		E1D53AEA283685AF0089FD3C /* HabitTracker.xcdatamodeld */ = {
			isa = XCVersionGroup;
			children = (
				E1D53AEB283685AF0089FD3C /* Shared.xcdatamodel */,
			);
			currentVersion = E1D53AEB283685AF0089FD3C /* Shared.xcdatamodel */;
			path = HabitTracker.xcdatamodeld;
			sourceTree = "<group>";
			versionGroupType = wrapper.xcdatamodel;
		};
/* End XCVersionGroup section */
	};
	rootObject = E1D53AE5283685AF0089FD3C /* Project object */;
}
